// !$*UTF8*$!
{
	archiveVersion = 1;
	classes = {
	};
	objectVersion = 46;
	objects = {

/* Begin PBXBuildFile section */
		19A427AD1AE2863000EC244D /* main.c in Sources */ = {isa = PBXBuildFile; fileRef = 19A427AC1AE2863000EC244D /* main.c */; };
		19A427BA1AE294D800EC244D /* pswitch in CopyFiles */ = {isa = PBXBuildFile; fileRef = 19A427A91AE2863000EC244D /* pswitch */; };
/* End PBXBuildFile section */

/* Begin PBXCopyFilesBuildPhase section */
		19A427A71AE2863000EC244D /* CopyFiles */ = {
			isa = PBXCopyFilesBuildPhase;
			buildActionMask = 12;
			dstPath = /usr/local/bin;
			dstSubfolderSpec = 0;
			files = (
				19A427BA1AE294D800EC244D /* pswitch in CopyFiles */,
			);
			runOnlyForDeploymentPostprocessing = 0;
		};
/* End PBXCopyFilesBuildPhase section */

/* Begin PBXFileReference section */
		19A427A91AE2863000EC244D /* pswitch */ = {isa = PBXFileReference; explicitFileType = "compiled.mach-o.executable"; includeInIndex = 0; path = pswitch; sourceTree = BUILT_PRODUCTS_DIR; };
		19A427AC1AE2863000EC244D /* main.c */ = {isa = PBXFileReference; lastKnownFileType = sourcecode.c.c; path = main.c; sourceTree = "<group>"; };
/* End PBXFileReference section */

/* Begin PBXFrameworksBuildPhase section */
		19A427A61AE2863000EC244D /* Frameworks */ = {
			isa = PBXFrameworksBuildPhase;
			buildActionMask = 2147483647;
			files = (
			);
			runOnlyForDeploymentPostprocessing = 0;
		};
/* End PBXFrameworksBuildPhase section */

/* Begin PBXGroup section */
		19A427A01AE2863000EC244D = {
			isa = PBXGroup;
			children = (
				19A427AB1AE2863000EC244D /* pswitch */,
				19A427AA1AE2863000EC244D /* Products */,
			);
			sourceTree = "<group>";
		};
		19A427AA1AE2863000EC244D /* Products */ = {
			isa = PBXGroup;
			children = (
				19A427A91AE2863000EC244D /* pswitch */,
			);
			name = Products;
			sourceTree = "<group>";
		};
		19A427AB1AE2863000EC244D /* pswitch */ = {
			isa = PBXGroup;
			children = (
				19A427AC1AE2863000EC244D /* main.c */,
			);
			path = pswitch;
			sourceTree = "<group>";
		};
/* End PBXGroup section */

/* Begin PBXNativeTarget section */
		19A427A81AE2863000EC244D /* pswitch */ = {
			isa = PBXNativeTarget;
			buildConfigurationList = 19A427B01AE2863000EC244D /* Build configuration list for PBXNativeTarget "pswitch" */;
			buildPhases = (
				19A427A51AE2863000EC244D /* Sources */,
				19A427A61AE2863000EC244D /* Frameworks */,
				19A427A71AE2863000EC244D /* CopyFiles */,
			);
			buildRules = (
			);
			dependencies = (
			);
			name = pswitch;
			productName = pswitch;
			productReference = 19A427A91AE2863000EC244D /* pswitch */;
			productType = "com.apple.product-type.tool";
		};
/* End PBXNativeTarget section */

/* Begin PBXProject section */
		19A427A11AE2863000EC244D /* Project object */ = {
			isa = PBXProject;
			attributes = {
				LastUpgradeCheck = 0620;
				ORGANIZATIONNAME = "Jay Wong";
				TargetAttributes = {
					19A427A81AE2863000EC244D = {
						CreatedOnToolsVersion = 6.2;
					};
				};
			};
			buildConfigurationList = 19A427A41AE2863000EC244D /* Build configuration list for PBXProject "pswitch" */;
			compatibilityVersion = "Xcode 3.2";
			developmentRegion = English;
			hasScannedForEncodings = 0;
			knownRegions = (
				en,
			);
			mainGroup = 19A427A01AE2863000EC244D;
			productRefGroup = 19A427AA1AE2863000EC244D /* Products */;
			projectDirPath = "";
			projectRoot = "";
			targets = (
				19A427A81AE2863000EC244D /* pswitch */,
			);
		};
/* End PBXProject section */

/* Begin PBXSourcesBuildPhase section */
		19A427A51AE2863000EC244D /* Sources */ = {
			isa = PBXSourcesBuildPhase;
			buildActionMask = 2147483647;
			files = (
				19A427AD1AE2863000EC244D /* main.c in Sources */,
			);
			runOnlyForDeploymentPostprocessing = 0;
		};
/* End PBXSourcesBuildPhase section */

/* Begin XCBuildConfiguration section */
		19A427AE1AE2863000EC244D /* Debug */ = {
			isa = XCBuildConfiguration;
			buildSettings = {
				ALWAYS_SEARCH_USER_PATHS = NO;
				CLANG_CXX_LANGUAGE_STANDARD = "gnu++0x";
				CLANG_CXX_LIBRARY = "libc++";
				CLANG_ENABLE_MODULES = YES;
				CLANG_ENABLE_OBJC_ARC = YES;
				CLANG_WARN_BOOL_CONVERSION = YES;
				CLANG_WARN_CONSTANT_CONVERSION = YES;
				CLANG_WARN_DIRECT_OBJC_ISA_USAGE = YES_ERROR;
				CLANG_WARN_EMPTY_BODY = YES;
				CLANG_WARN_ENUM_CONVERSION = YES;
				CLANG_WARN_INT_CONVERSION = YES;
				CLANG_WARN_OBJC_ROOT_CLASS = YES_ERROR;
				CLANG_WARN_UNREACHABLE_CODE = YES;
				CLANG_WARN__DUPLICATE_METHOD_MATCH = YES;
				COPY_PHASE_STRIP = NO;
				ENABLE_STRICT_OBJC_MSGSEND = YES;
				GCC_C_LANGUAGE_STANDARD = gnu99;
				GCC_DYNAMIC_NO_PIC = NO;
				GCC_OPTIMIZATION_LEVEL = 0;
				GCC_PREPROCESSOR_DEFINITIONS = (
					"DEBUG=1",
					"$(inherited)",
				);
				GCC_SYMBOLS_PRIVATE_EXTERN = NO;
				GCC_WARN_64_TO_32_BIT_CONVERSION = YES;
				GCC_WARN_ABOUT_RETURN_TYPE = YES_ERROR;
				GCC_WARN_UNDECLARED_SELECTOR = YES;
				GCC_WARN_UNINITIALIZED_AUTOS = YES_AGGRESSIVE;
				GCC_WARN_UNUSED_FUNCTION = YES;
				GCC_WARN_UNUSED_VARIABLE = YES;
				MACOSX_DEPLOYMENT_TARGET = 10.9;
				MTL_ENABLE_DEBUG_INFO = YES;
				ONLY_ACTIVE_ARCH = YES;
				SDKROOT = macosx;
			};
			name = Debug;
		};
		19A427AF1AE2863000EC244D /* Release */ = {
			isa = XCBuildConfiguration;
			buildSettings = {
				ALWAYS_SEARCH_USER_PATHS = NO;
				CLANG_CXX_LANGUAGE_STANDARD = "gnu++0x";
				CLANG_CXX_LIBRARY = "libc++";
				CLANG_ENABLE_MODULES = YES;
				CLANG_ENABLE_OBJC_ARC = YES;
				CLANG_WARN_BOOL_CONVERSION = YES;
				CLANG_WARN_CONSTANT_CONVERSION = YES;
				CLANG_WARN_DIRECT_OBJC_ISA_USAGE = YES_ERROR;
				CLANG_WARN_EMPTY_BODY = YES;
				CLANG_WARN_ENUM_CONVERSION = YES;
				CLANG_WARN_INT_CONVERSION = YES;
				CLANG_WARN_OBJC_ROOT_CLASS = YES_ERROR;
				CLANG_WARN_UNREACHABLE_CODE = YES;
				CLANG_WARN__DUPLICATE_METHOD_MATCH = YES;
				COPY_PHASE_STRIP = NO;
				DEBUG_INFORMATION_FORMAT = "dwarf-with-dsym";
				ENABLE_NS_ASSERTIONS = NO;
				ENABLE_STRICT_OBJC_MSGSEND = YES;
				GCC_C_LANGUAGE_STANDARD = gnu99;
				GCC_WARN_64_TO_32_BIT_CONVERSION = YES;
				GCC_WARN_ABOUT_RETURN_TYPE = YES_ERROR;
				GCC_WARN_UNDECLARED_SELECTOR = YES;
				GCC_WARN_UNINITIALIZED_AUTOS = YES_AGGRESSIVE;
				GCC_WARN_UNUSED_FUNCTION = YES;
				GCC_WARN_UNUSED_VARIABLE = YES;
				MACOSX_DEPLOYMENT_TARGET = 10.9;
				MTL_ENABLE_DEBUG_INFO = NO;
				SDKROOT = macosx;
			};
			name = Release;
		};
		19A427B11AE2863000EC244D /* Debug */ = {
			isa = XCBuildConfiguration;
			buildSettings = {
				PRODUCT_NAME = "$(TARGET_NAME)";
			};
			name = Debug;
		};
		19A427B21AE2863000EC244D /* Release */ = {
			isa = XCBuildConfiguration;
			buildSettings = {
				PRODUCT_NAME = "$(TARGET_NAME)";
			};
			name = Release;
		};
/* End XCBuildConfiguration section */

/* Begin XCConfigurationList section */
		19A427A41AE2863000EC244D /* Build configuration list for PBXProject "pswitch" */ = {
			isa = XCConfigurationList;
			buildConfigurations = (
				19A427AE1AE2863000EC244D /* Debug */,
				19A427AF1AE2863000EC244D /* Release */,
			);
			defaultConfigurationIsVisible = 0;
			defaultConfigurationName = Release;
		};
		19A427B01AE2863000EC244D /* Build configuration list for PBXNativeTarget "pswitch" */ = {
			isa = XCConfigurationList;
			buildConfigurations = (
				19A427B11AE2863000EC244D /* Debug */,
				19A427B21AE2863000EC244D /* Release */,
			);
			defaultConfigurationIsVisible = 0;
		};
/* End XCConfigurationList section */
	};
	rootObject = 19A427A11AE2863000EC244D /* Project object */;
}
